
Microsoft Visual Studio Solution File, Format Version 10.00
# Visual Studio 2008
Project("{FAE04EC0-301F-11D3-BF4B-00C04F79EFBC}") = "MuCell", "mucell\MuCell.csproj", "{1EC3FB18-3380-42C2-AAC6-2CD4E5CB5EB5}"
EndProject
Global
	GlobalSection(SolutionConfigurationPlatforms) = preSolution
		Debug|Any CPU = Debug|Any CPU
		Release|Any CPU = Release|Any CPU
	EndGlobalSection
	GlobalSection(ProjectConfigurationPlatforms) = postSolution
		{1EC3FB18-3380-42C2-AAC6-2CD4E5CB5EB5}.Debug|Any CPU.ActiveCfg = Debug|Any CPU
		{1EC3FB18-3380-42C2-AAC6-2CD4E5CB5EB5}.Debug|Any CPU.Build.0 = Debug|Any CPU
		{1EC3FB18-3380-42C2-AAC6-2CD4E5CB5EB5}.Release|Any CPU.ActiveCfg = Release|Any CPU
		{1EC3FB18-3380-42C2-AAC6-2CD4E5CB5EB5}.Release|Any CPU.Build.0 = Release|Any CPU
	EndGlobalSection
	GlobalSection(SolutionProperties) = preSolution
		HideSolutionNode = FALSE
	EndGlobalSection
EndGlobal
